
Microsoft Visual Studio Solution File, Format Version 12.00
# Visual Studio Version 16
VisualStudioVersion = 16.0.32126.315
MinimumVisualStudioVersion = 10.0.40219.1
Project("{FAE04EC0-301F-11D3-BF4B-00C04F79EFBC}") = "Interfaces_Assignment", "Interfaces_Assignment.csproj", "{33963FCF-3DD8-4E58-BA42-A90B57F8A7EB}"
EndProject
Global
	GlobalSection(SolutionConfigurationPlatforms) = preSolution
		Debug|Any CPU = Debug|Any CPU
		Release|Any CPU = Release|Any CPU
	EndGlobalSection
	GlobalSection(ProjectConfigurationPlatforms) = postSolution
		{33963FCF-3DD8-4E58-BA42-A90B57F8A7EB}.Debug|Any CPU.ActiveCfg = Debug|Any CPU
		{33963FCF-3DD8-4E58-BA42-A90B57F8A7EB}.Debug|Any CPU.Build.0 = Debug|Any CPU
		{33963FCF-3DD8-4E58-BA42-A90B57F8A7EB}.Release|Any CPU.ActiveCfg = Release|Any CPU
		{33963FCF-3DD8-4E58-BA42-A90B57F8A7EB}.Release|Any CPU.Build.0 = Release|Any CPU
	EndGlobalSection
	GlobalSection(SolutionProperties) = preSolution
		HideSolutionNode = FALSE
	EndGlobalSection
	GlobalSection(ExtensibilityGlobals) = postSolution
		SolutionGuid = {BCC02CB6-0F24-4ABB-8F52-F80B3E0F6CB6}
	EndGlobalSection
EndGlobal
